
Microsoft Visual Studio Solution File, Format Version 12.00
# Visual Studio Version 16
VisualStudioVersion = 16.0.30128.74
MinimumVisualStudioVersion = 10.0.40219.1
Project("{9A19103F-16F7-4668-BE54-9A1E7A4F7556}") = "RedisCache", "RedisCache\RedisCache.csproj", "{0D18C37A-D6A2-4C3C-B344-928182951B9B}"
EndProject
Global
	GlobalSection(SolutionConfigurationPlatforms) = preSolution
		Debug|Any CPU = Debug|Any CPU
		Release|Any CPU = Release|Any CPU
	EndGlobalSection
	GlobalSection(ProjectConfigurationPlatforms) = postSolution
		{0D18C37A-D6A2-4C3C-B344-928182951B9B}.Debug|Any CPU.ActiveCfg = Debug|Any CPU
		{0D18C37A-D6A2-4C3C-B344-928182951B9B}.Debug|Any CPU.Build.0 = Debug|Any CPU
		{0D18C37A-D6A2-4C3C-B344-928182951B9B}.Release|Any CPU.ActiveCfg = Release|Any CPU
		{0D18C37A-D6A2-4C3C-B344-928182951B9B}.Release|Any CPU.Build.0 = Release|Any CPU
	EndGlobalSection
	GlobalSection(SolutionProperties) = preSolution
		HideSolutionNode = FALSE
	EndGlobalSection
	GlobalSection(ExtensibilityGlobals) = postSolution
		SolutionGuid = {0CA7D951-0F0C-47D1-8235-2B860D9A5819}
	EndGlobalSection
EndGlobal
